{
  "requires": true,
  "lockfileVersion": 1,
  "dependencies": {
    "numpy": {
      "version": "0.0.1",
      "resolved": "https://registry.npmjs.org/numpy/-/numpy-0.0.1.tgz",
      "integrity": "sha1-xrvUxJtFvVN/dooJySIKKQ3kFZg="
    },
    "scipy": {
      "version": "0.1.4",
      "resolved": "https://registry.npmjs.org/scipy/-/scipy-0.1.4.tgz",
      "integrity": "sha1-NxvRhxJJruvpUFqCfi+S/i5+W7s="
    }
  }
}
